{
  "name": "hhvc-manager-review-mockup-tool",
  "lockfileVersion": 3,
  "requires": true,
  "packages": {
    "": {
      "name": "hhvc-manager-review-mockup-tool",
      "devDependencies": {
        "@sfgov/design-system": "0.0.1"
      }
    },
    "node_modules/@sfgov/design-system": {
      "version": "0.0.1",
      "resolved": "https://registry.npmjs.org/@sfgov/design-system/-/design-system-0.0.1.tgz",
      "integrity": "sha512-6ylKYdSO3ycJuWouw6O8PBJzB5EUmPPa2W55j4BUerpmj60CNpedBJmQ65G7ppFRVuwLhIhb7bdhgpbtc/wYAg==",
      "dev": true,
      "engines": {
        "node": "16.x",
        "npm": "8.x"
      },
      "peerDependencies": {
        "react": "^18.2.0",
        "react-dom": "^18.2.0",
        "tailwindcss": "^2.2.19"
      },
      "peerDependenciesMeta": {
        "react": {
          "optional": true
        },
        "react-dom": {
          "optional": true
        },
        "tailwindcss": {
          "optional": true
        }
      }
    }
  }
}
